// !$*UTF8*$!
{
	archiveVersion = 1;
	classes = {
	};
	objectVersion = 46;
	objects = {

/* Begin PBXBuildFile section */
		30051B19205EABF2001F8088 /* TryViewElements_UI.h in Headers */ = {isa = PBXBuildFile; fileRef = 30051B17205EABF2001F8088 /* TryViewElements_UI.h */; settings = {ATTRIBUTES = (Public, ); }; };
		30051B1C205EABF2001F8088 /* TryViewElements_UI.framework in Frameworks */ = {isa = PBXBuildFile; fileRef = 30051B15205EABF2001F8088 /* TryViewElements_UI.framework */; };
		30051B1D205EABF2001F8088 /* TryViewElements_UI.framework in Embed Frameworks */ = {isa = PBXBuildFile; fileRef = 30051B15205EABF2001F8088 /* TryViewElements_UI.framework */; settings = {ATTRIBUTES = (CodeSignOnCopy, RemoveHeadersOnCopy, ); }; };
		30051B23205EAC19001F8088 /* TestView.swift in Sources */ = {isa = PBXBuildFile; fileRef = 30051B22205EAC19001F8088 /* TestView.swift */; };
		30051B25205EAC48001F8088 /* TestView.xib in Resources */ = {isa = PBXBuildFile; fileRef = 30051B24205EAC48001F8088 /* TestView.xib */; };
		300B7B3C20652D2300B72CAE /* HeaderFooterExampleViewController.swift in Sources */ = {isa = PBXBuildFile; fileRef = 300B7B3B20652D2300B72CAE /* HeaderFooterExampleViewController.swift */; };
		3033FFFF1FD07B740067AE2A /* CenteredContentViewController.swift in Sources */ = {isa = PBXBuildFile; fileRef = 3033FFFE1FD07B740067AE2A /* CenteredContentViewController.swift */; };
		3044A5E51EE5AD3000A69F4B /* TwitterProfileViewController.swift in Sources */ = {isa = PBXBuildFile; fileRef = 3044A5E41EE5AD3000A69F4B /* TwitterProfileViewController.swift */; };
		3044A5E71EE5B62800A69F4B /* TwitterProfileHeaderView.xib in Resources */ = {isa = PBXBuildFile; fileRef = 3044A5E61EE5B62800A69F4B /* TwitterProfileHeaderView.xib */; };
		3044A5E91EE5BB5000A69F4B /* TwitterProfileHeaderView.swift in Sources */ = {isa = PBXBuildFile; fileRef = 3044A5E81EE5BB5000A69F4B /* TwitterProfileHeaderView.swift */; };
		3044A8A01EE6A25900FB5D50 /* twitterbg.jpeg in Resources */ = {isa = PBXBuildFile; fileRef = 3044A89F1EE6A25900FB5D50 /* twitterbg.jpeg */; };
		30534D5B2066ACCE00772102 /* StretchyHeaderExampleViewController.swift in Sources */ = {isa = PBXBuildFile; fileRef = 30534D5A2066ACCE00772102 /* StretchyHeaderExampleViewController.swift */; };
		307EE10C208CDC710058045E /* StretchyHeaderReloadExampleViewController.swift in Sources */ = {isa = PBXBuildFile; fileRef = 307EE10B208CDC710058045E /* StretchyHeaderReloadExampleViewController.swift */; };
		3099BEE81ED434ED00844AF7 /* AppDelegate.swift in Sources */ = {isa = PBXBuildFile; fileRef = 3099BEE71ED434ED00844AF7 /* AppDelegate.swift */; };
		3099BEEA1ED434ED00844AF7 /* ExampleListViewController.swift in Sources */ = {isa = PBXBuildFile; fileRef = 3099BEE91ED434ED00844AF7 /* ExampleListViewController.swift */; };
		3099BEED1ED434ED00844AF7 /* Main.storyboard in Resources */ = {isa = PBXBuildFile; fileRef = 3099BEEB1ED434ED00844AF7 /* Main.storyboard */; };
		3099BEEF1ED434ED00844AF7 /* Assets.xcassets in Resources */ = {isa = PBXBuildFile; fileRef = 3099BEEE1ED434ED00844AF7 /* Assets.xcassets */; };
		3099BEF21ED434ED00844AF7 /* LaunchScreen.storyboard in Resources */ = {isa = PBXBuildFile; fileRef = 3099BEF01ED434ED00844AF7 /* LaunchScreen.storyboard */; };
		30B63F0B1EE1628900038C8B /* AppStoreDetailViewController.swift in Sources */ = {isa = PBXBuildFile; fileRef = 30B63EF91EE1628900038C8B /* AppStoreDetailViewController.swift */; };
		30B63F0C1EE1628900038C8B /* LoadingViewController.swift in Sources */ = {isa = PBXBuildFile; fileRef = 30B63EFA1EE1628900038C8B /* LoadingViewController.swift */; };
		30B63F0D1EE1628900038C8B /* MediumArticleViewController+Components.swift in Sources */ = {isa = PBXBuildFile; fileRef = 30B63EFB1EE1628900038C8B /* MediumArticleViewController+Components.swift */; };
		30B63F0E1EE1628900038C8B /* MediumArticleViewController.swift in Sources */ = {isa = PBXBuildFile; fileRef = 30B63EFC1EE1628900038C8B /* MediumArticleViewController.swift */; };
		30B63F0F1EE1628900038C8B /* MediumFeedViewController.swift in Sources */ = {isa = PBXBuildFile; fileRef = 30B63EFD1EE1628900038C8B /* MediumFeedViewController.swift */; };
		30B63F101EE1628900038C8B /* AppStoreHeaderDetailView.swift in Sources */ = {isa = PBXBuildFile; fileRef = 30B63EFF1EE1628900038C8B /* AppStoreHeaderDetailView.swift */; };
		30B63F111EE1628900038C8B /* AppStoreHeaderDetailView.xib in Resources */ = {isa = PBXBuildFile; fileRef = 30B63F001EE1628900038C8B /* AppStoreHeaderDetailView.xib */; };
		30B63F121EE1628900038C8B /* MediumStoryCardView.swift in Sources */ = {isa = PBXBuildFile; fileRef = 30B63F011EE1628900038C8B /* MediumStoryCardView.swift */; };
		30B63F131EE1628900038C8B /* MediumStoryCardView.xib in Resources */ = {isa = PBXBuildFile; fileRef = 30B63F021EE1628900038C8B /* MediumStoryCardView.xib */; };
		30B63F141EE1628900038C8B /* TwitterPostCardView.swift in Sources */ = {isa = PBXBuildFile; fileRef = 30B63F031EE1628900038C8B /* TwitterPostCardView.swift */; };
		30B63F151EE1628900038C8B /* TwitterPostCardView.xib in Resources */ = {isa = PBXBuildFile; fileRef = 30B63F041EE1628900038C8B /* TwitterPostCardView.xib */; };
		30B63F161EE1628900038C8B /* TailLoadingViewController.swift in Sources */ = {isa = PBXBuildFile; fileRef = 30B63F051EE1628900038C8B /* TailLoadingViewController.swift */; };
		30B63F171EE1628900038C8B /* TapToLoadMoreViewController.swift in Sources */ = {isa = PBXBuildFile; fileRef = 30B63F061EE1628900038C8B /* TapToLoadMoreViewController.swift */; };
		30B63F181EE1628900038C8B /* TwitterFeedViewController.swift in Sources */ = {isa = PBXBuildFile; fileRef = 30B63F071EE1628900038C8B /* TwitterFeedViewController.swift */; };
		30B63F191EE1628900038C8B /* TwitterFeedWithNibViewController.swift in Sources */ = {isa = PBXBuildFile; fileRef = 30B63F081EE1628900038C8B /* TwitterFeedWithNibViewController.swift */; };
		30B63F1A1EE1628900038C8B /* TwitterPost.swift in Sources */ = {isa = PBXBuildFile; fileRef = 30B63F091EE1628900038C8B /* TwitterPost.swift */; };
		30B63F1B1EE1628900038C8B /* Utilities.swift in Sources */ = {isa = PBXBuildFile; fileRef = 30B63F0A1EE1628900038C8B /* Utilities.swift */; };
		30CC70411EDF1FF700F01BE3 /* cog.jpg in Resources */ = {isa = PBXBuildFile; fileRef = 30CC703A1EDF1FF700F01BE3 /* cog.jpg */; };
		30CC70421EDF1FF700F01BE3 /* heart.png in Resources */ = {isa = PBXBuildFile; fileRef = 30CC703B1EDF1FF700F01BE3 /* heart.png */; };
		30CC70431EDF1FF700F01BE3 /* img1.png in Resources */ = {isa = PBXBuildFile; fileRef = 30CC703C1EDF1FF700F01BE3 /* img1.png */; };
		30CC70441EDF1FF700F01BE3 /* logo.png in Resources */ = {isa = PBXBuildFile; fileRef = 30CC703D1EDF1FF700F01BE3 /* logo.png */; };
		30CC70451EDF1FF700F01BE3 /* user1.jpg in Resources */ = {isa = PBXBuildFile; fileRef = 30CC703E1EDF1FF700F01BE3 /* user1.jpg */; };
		30CC70461EDF1FF700F01BE3 /* user2.jpg in Resources */ = {isa = PBXBuildFile; fileRef = 30CC703F1EDF1FF700F01BE3 /* user2.jpg */; };
		30CC70471EDF1FF700F01BE3 /* user3.jpg in Resources */ = {isa = PBXBuildFile; fileRef = 30CC70401EDF1FF700F01BE3 /* user3.jpg */; };
		30E2426C206642000083E228 /* TextFieldAndKeyboardExampleViewController.swift in Sources */ = {isa = PBXBuildFile; fileRef = 30E2426B206642000083E228 /* TextFieldAndKeyboardExampleViewController.swift */; };
		30E2426E20669A120083E228 /* CenteredContentAndKeyboardExampleViewController.swift in Sources */ = {isa = PBXBuildFile; fileRef = 30E2426D20669A120083E228 /* CenteredContentAndKeyboardExampleViewController.swift */; };
		30F43C632067947B0001D71A /* StretchyHeaderExampleView.swift in Sources */ = {isa = PBXBuildFile; fileRef = 30F43C622067947B0001D71A /* StretchyHeaderExampleView.swift */; };
		30FB3D0620679F94005C0243 /* ViewElements.framework in Frameworks */ = {isa = PBXBuildFile; fileRef = 30FB3D0520679F94005C0243 /* ViewElements.framework */; };
		30FB3D0720679F94005C0243 /* ViewElements.framework in Embed Frameworks */ = {isa = PBXBuildFile; fileRef = 30FB3D0520679F94005C0243 /* ViewElements.framework */; settings = {ATTRIBUTES = (CodeSignOnCopy, RemoveHeadersOnCopy, ); }; };
		30FBA8332067A0EC00F2B8AD /* StretchyHeaderExampleView.xib in Resources */ = {isa = PBXBuildFile; fileRef = 30FBA8322067A0EC00F2B8AD /* StretchyHeaderExampleView.xib */; };
/* End PBXBuildFile section */

/* Begin PBXContainerItemProxy section */
		30051B1A205EABF2001F8088 /* PBXContainerItemProxy */ = {
			isa = PBXContainerItemProxy;
			containerPortal = 3099BEDC1ED434ED00844AF7 /* Project object */;
			proxyType = 1;
			remoteGlobalIDString = 30051B14205EABF2001F8088;
			remoteInfo = "TryViewElements+UI";
		};
/* End PBXContainerItemProxy section */

/* Begin PBXCopyFilesBuildPhase section */
		3092383C1ED61AF4005509B6 /* Embed Frameworks */ = {
			isa = PBXCopyFilesBuildPhase;
			buildActionMask = 2147483647;
			dstPath = "";
			dstSubfolderSpec = 10;
			files = (
				30FB3D0720679F94005C0243 /* ViewElements.framework in Embed Frameworks */,
				30051B1D205EABF2001F8088 /* TryViewElements_UI.framework in Embed Frameworks */,
			);
			name = "Embed Frameworks";
			runOnlyForDeploymentPostprocessing = 0;
		};
/* End PBXCopyFilesBuildPhase section */

/* Begin PBXFileReference section */
		30051B15205EABF2001F8088 /* TryViewElements_UI.framework */ = {isa = PBXFileReference; explicitFileType = wrapper.framework; includeInIndex = 0; path = TryViewElements_UI.framework; sourceTree = BUILT_PRODUCTS_DIR; };
		30051B17205EABF2001F8088 /* TryViewElements_UI.h */ = {isa = PBXFileReference; lastKnownFileType = sourcecode.c.h; path = TryViewElements_UI.h; sourceTree = "<group>"; };
		30051B18205EABF2001F8088 /* Info.plist */ = {isa = PBXFileReference; lastKnownFileType = text.plist.xml; path = Info.plist; sourceTree = "<group>"; };
		30051B22205EAC19001F8088 /* TestView.swift */ = {isa = PBXFileReference; lastKnownFileType = sourcecode.swift; path = TestView.swift; sourceTree = "<group>"; };
		30051B24205EAC48001F8088 /* TestView.xib */ = {isa = PBXFileReference; lastKnownFileType = file.xib; path = TestView.xib; sourceTree = "<group>"; };
		300B7B3B20652D2300B72CAE /* HeaderFooterExampleViewController.swift */ = {isa = PBXFileReference; lastKnownFileType = sourcecode.swift; path = HeaderFooterExampleViewController.swift; sourceTree = "<group>"; };
		3033FFFE1FD07B740067AE2A /* CenteredContentViewController.swift */ = {isa = PBXFileReference; fileEncoding = 4; lastKnownFileType = sourcecode.swift; path = CenteredContentViewController.swift; sourceTree = "<group>"; };
		3044A5E41EE5AD3000A69F4B /* TwitterProfileViewController.swift */ = {isa = PBXFileReference; fileEncoding = 4; lastKnownFileType = sourcecode.swift; lineEnding = 0; path = TwitterProfileViewController.swift; sourceTree = "<group>"; xcLanguageSpecificationIdentifier = xcode.lang.swift; };
		3044A5E61EE5B62800A69F4B /* TwitterProfileHeaderView.xib */ = {isa = PBXFileReference; fileEncoding = 4; lastKnownFileType = file.xib; path = TwitterProfileHeaderView.xib; sourceTree = "<group>"; };
		3044A5E81EE5BB5000A69F4B /* TwitterProfileHeaderView.swift */ = {isa = PBXFileReference; fileEncoding = 4; lastKnownFileType = sourcecode.swift; path = TwitterProfileHeaderView.swift; sourceTree = "<group>"; };
		3044A89F1EE6A25900FB5D50 /* twitterbg.jpeg */ = {isa = PBXFileReference; lastKnownFileType = image.jpeg; path = twitterbg.jpeg; sourceTree = "<group>"; };
		30534D5A2066ACCE00772102 /* StretchyHeaderExampleViewController.swift */ = {isa = PBXFileReference; lastKnownFileType = sourcecode.swift; path = StretchyHeaderExampleViewController.swift; sourceTree = "<group>"; };
		307EE10B208CDC710058045E /* StretchyHeaderReloadExampleViewController.swift */ = {isa = PBXFileReference; lastKnownFileType = sourcecode.swift; path = StretchyHeaderReloadExampleViewController.swift; sourceTree = "<group>"; };
		3099BEE41ED434ED00844AF7 /* TryViewElements.app */ = {isa = PBXFileReference; explicitFileType = wrapper.application; includeInIndex = 0; path = TryViewElements.app; sourceTree = BUILT_PRODUCTS_DIR; };
		3099BEE71ED434ED00844AF7 /* AppDelegate.swift */ = {isa = PBXFileReference; lastKnownFileType = sourcecode.swift; path = AppDelegate.swift; sourceTree = "<group>"; };
		3099BEE91ED434ED00844AF7 /* ExampleListViewController.swift */ = {isa = PBXFileReference; lastKnownFileType = sourcecode.swift; path = ExampleListViewController.swift; sourceTree = "<group>"; };
		3099BEEC1ED434ED00844AF7 /* Base */ = {isa = PBXFileReference; lastKnownFileType = file.storyboard; name = Base; path = Base.lproj/Main.storyboard; sourceTree = "<group>"; };
		3099BEEE1ED434ED00844AF7 /* Assets.xcassets */ = {isa = PBXFileReference; lastKnownFileType = folder.assetcatalog; path = Assets.xcassets; sourceTree = "<group>"; };
		3099BEF11ED434ED00844AF7 /* Base */ = {isa = PBXFileReference; lastKnownFileType = file.storyboard; name = Base; path = Base.lproj/LaunchScreen.storyboard; sourceTree = "<group>"; };
		3099BEF31ED434ED00844AF7 /* Info.plist */ = {isa = PBXFileReference; lastKnownFileType = text.plist.xml; path = Info.plist; sourceTree = "<group>"; };
		30B63EF91EE1628900038C8B /* AppStoreDetailViewController.swift */ = {isa = PBXFileReference; fileEncoding = 4; lastKnownFileType = sourcecode.swift; lineEnding = 0; path = AppStoreDetailViewController.swift; sourceTree = "<group>"; xcLanguageSpecificationIdentifier = xcode.lang.swift; };
		30B63EFA1EE1628900038C8B /* LoadingViewController.swift */ = {isa = PBXFileReference; fileEncoding = 4; lastKnownFileType = sourcecode.swift; lineEnding = 0; path = LoadingViewController.swift; sourceTree = "<group>"; xcLanguageSpecificationIdentifier = xcode.lang.swift; };
		30B63EFB1EE1628900038C8B /* MediumArticleViewController+Components.swift */ = {isa = PBXFileReference; fileEncoding = 4; lastKnownFileType = sourcecode.swift; path = "MediumArticleViewController+Components.swift"; sourceTree = "<group>"; };
		30B63EFC1EE1628900038C8B /* MediumArticleViewController.swift */ = {isa = PBXFileReference; fileEncoding = 4; lastKnownFileType = sourcecode.swift; lineEnding = 0; path = MediumArticleViewController.swift; sourceTree = "<group>"; xcLanguageSpecificationIdentifier = xcode.lang.swift; };
		30B63EFD1EE1628900038C8B /* MediumFeedViewController.swift */ = {isa = PBXFileReference; fileEncoding = 4; lastKnownFileType = sourcecode.swift; lineEnding = 0; path = MediumFeedViewController.swift; sourceTree = "<group>"; xcLanguageSpecificationIdentifier = xcode.lang.swift; };
		30B63EFF1EE1628900038C8B /* AppStoreHeaderDetailView.swift */ = {isa = PBXFileReference; fileEncoding = 4; lastKnownFileType = sourcecode.swift; path = AppStoreHeaderDetailView.swift; sourceTree = "<group>"; };
		30B63F001EE1628900038C8B /* AppStoreHeaderDetailView.xib */ = {isa = PBXFileReference; fileEncoding = 4; lastKnownFileType = file.xib; path = AppStoreHeaderDetailView.xib; sourceTree = "<group>"; };
		30B63F011EE1628900038C8B /* MediumStoryCardView.swift */ = {isa = PBXFileReference; fileEncoding = 4; lastKnownFileType = sourcecode.swift; path = MediumStoryCardView.swift; sourceTree = "<group>"; };
		30B63F021EE1628900038C8B /* MediumStoryCardView.xib */ = {isa = PBXFileReference; fileEncoding = 4; lastKnownFileType = file.xib; path = MediumStoryCardView.xib; sourceTree = "<group>"; };
		30B63F031EE1628900038C8B /* TwitterPostCardView.swift */ = {isa = PBXFileReference; fileEncoding = 4; lastKnownFileType = sourcecode.swift; path = TwitterPostCardView.swift; sourceTree = "<group>"; };
		30B63F041EE1628900038C8B /* TwitterPostCardView.xib */ = {isa = PBXFileReference; fileEncoding = 4; lastKnownFileType = file.xib; path = TwitterPostCardView.xib; sourceTree = "<group>"; };
		30B63F051EE1628900038C8B /* TailLoadingViewController.swift */ = {isa = PBXFileReference; fileEncoding = 4; lastKnownFileType = sourcecode.swift; lineEnding = 0; path = TailLoadingViewController.swift; sourceTree = "<group>"; xcLanguageSpecificationIdentifier = xcode.lang.swift; };
		30B63F061EE1628900038C8B /* TapToLoadMoreViewController.swift */ = {isa = PBXFileReference; fileEncoding = 4; lastKnownFileType = sourcecode.swift; lineEnding = 0; path = TapToLoadMoreViewController.swift; sourceTree = "<group>"; xcLanguageSpecificationIdentifier = xcode.lang.swift; };
		30B63F071EE1628900038C8B /* TwitterFeedViewController.swift */ = {isa = PBXFileReference; fileEncoding = 4; lastKnownFileType = sourcecode.swift; lineEnding = 0; path = TwitterFeedViewController.swift; sourceTree = "<group>"; xcLanguageSpecificationIdentifier = xcode.lang.swift; };
		30B63F081EE1628900038C8B /* TwitterFeedWithNibViewController.swift */ = {isa = PBXFileReference; fileEncoding = 4; lastKnownFileType = sourcecode.swift; lineEnding = 0; path = TwitterFeedWithNibViewController.swift; sourceTree = "<group>"; xcLanguageSpecificationIdentifier = xcode.lang.swift; };
		30B63F091EE1628900038C8B /* TwitterPost.swift */ = {isa = PBXFileReference; fileEncoding = 4; lastKnownFileType = sourcecode.swift; path = TwitterPost.swift; sourceTree = "<group>"; };
		30B63F0A1EE1628900038C8B /* Utilities.swift */ = {isa = PBXFileReference; fileEncoding = 4; lastKnownFileType = sourcecode.swift; path = Utilities.swift; sourceTree = "<group>"; };
		30CC703A1EDF1FF700F01BE3 /* cog.jpg */ = {isa = PBXFileReference; lastKnownFileType = image.jpeg; path = cog.jpg; sourceTree = "<group>"; };
		30CC703B1EDF1FF700F01BE3 /* heart.png */ = {isa = PBXFileReference; lastKnownFileType = image.png; path = heart.png; sourceTree = "<group>"; };
		30CC703C1EDF1FF700F01BE3 /* img1.png */ = {isa = PBXFileReference; lastKnownFileType = image.png; path = img1.png; sourceTree = "<group>"; };
		30CC703D1EDF1FF700F01BE3 /* logo.png */ = {isa = PBXFileReference; lastKnownFileType = image.png; path = logo.png; sourceTree = "<group>"; };
		30CC703E1EDF1FF700F01BE3 /* user1.jpg */ = {isa = PBXFileReference; lastKnownFileType = image.jpeg; path = user1.jpg; sourceTree = "<group>"; };
		30CC703F1EDF1FF700F01BE3 /* user2.jpg */ = {isa = PBXFileReference; lastKnownFileType = image.jpeg; path = user2.jpg; sourceTree = "<group>"; };
		30CC70401EDF1FF700F01BE3 /* user3.jpg */ = {isa = PBXFileReference; lastKnownFileType = image.jpeg; path = user3.jpg; sourceTree = "<group>"; };
		30E2426B206642000083E228 /* TextFieldAndKeyboardExampleViewController.swift */ = {isa = PBXFileReference; lastKnownFileType = sourcecode.swift; path = TextFieldAndKeyboardExampleViewController.swift; sourceTree = "<group>"; };
		30E2426D20669A120083E228 /* CenteredContentAndKeyboardExampleViewController.swift */ = {isa = PBXFileReference; lastKnownFileType = sourcecode.swift; path = CenteredContentAndKeyboardExampleViewController.swift; sourceTree = "<group>"; };
		30F43C622067947B0001D71A /* StretchyHeaderExampleView.swift */ = {isa = PBXFileReference; lastKnownFileType = sourcecode.swift; path = StretchyHeaderExampleView.swift; sourceTree = "<group>"; };
		30FB3D0520679F94005C0243 /* ViewElements.framework */ = {isa = PBXFileReference; explicitFileType = wrapper.framework; path = ViewElements.framework; sourceTree = BUILT_PRODUCTS_DIR; };
		30FBA8322067A0EC00F2B8AD /* StretchyHeaderExampleView.xib */ = {isa = PBXFileReference; lastKnownFileType = file.xib; path = StretchyHeaderExampleView.xib; sourceTree = "<group>"; };
/* End PBXFileReference section */

/* Begin PBXFrameworksBuildPhase section */
		30051B11205EABF2001F8088 /* Frameworks */ = {
			isa = PBXFrameworksBuildPhase;
			buildActionMask = 2147483647;
			files = (
			);
			runOnlyForDeploymentPostprocessing = 0;
		};
		3099BEE11ED434ED00844AF7 /* Frameworks */ = {
			isa = PBXFrameworksBuildPhase;
			buildActionMask = 2147483647;
			files = (
				30FB3D0620679F94005C0243 /* ViewElements.framework in Frameworks */,
				30051B1C205EABF2001F8088 /* TryViewElements_UI.framework in Frameworks */,
			);
			runOnlyForDeploymentPostprocessing = 0;
		};
/* End PBXFrameworksBuildPhase section */

/* Begin PBXGroup section */
		30051B16205EABF2001F8088 /* TryViewElements+UI */ = {
			isa = PBXGroup;
			children = (
				30051B21205EABFC001F8088 /* Views */,
				30051B17205EABF2001F8088 /* TryViewElements_UI.h */,
				30051B18205EABF2001F8088 /* Info.plist */,
			);
			path = "TryViewElements+UI";
			sourceTree = "<group>";
		};
		30051B21205EABFC001F8088 /* Views */ = {
			isa = PBXGroup;
			children = (
				30051B22205EAC19001F8088 /* TestView.swift */,
				30051B24205EAC48001F8088 /* TestView.xib */,
			);
			path = Views;
			sourceTree = "<group>";
		};
		3099BEDB1ED434ED00844AF7 = {
			isa = PBXGroup;
			children = (
				30FB3D0520679F94005C0243 /* ViewElements.framework */,
				3099BEE61ED434ED00844AF7 /* TryViewElements */,
				30051B16205EABF2001F8088 /* TryViewElements+UI */,
				3099BEE51ED434ED00844AF7 /* Products */,
			);
			sourceTree = "<group>";
		};
		3099BEE51ED434ED00844AF7 /* Products */ = {
			isa = PBXGroup;
			children = (
				3099BEE41ED434ED00844AF7 /* TryViewElements.app */,
				30051B15205EABF2001F8088 /* TryViewElements_UI.framework */,
			);
			name = Products;
			sourceTree = "<group>";
		};
		3099BEE61ED434ED00844AF7 /* TryViewElements */ = {
			isa = PBXGroup;
			children = (
				3099BEE71ED434ED00844AF7 /* AppDelegate.swift */,
				3099BEE91ED434ED00844AF7 /* ExampleListViewController.swift */,
				30B63EF81EE1628900038C8B /* Menus */,
				30CC70391EDF1FF700F01BE3 /* Resources */,
				3099BEEB1ED434ED00844AF7 /* Main.storyboard */,
				3099BEEE1ED434ED00844AF7 /* Assets.xcassets */,
				3099BEF01ED434ED00844AF7 /* LaunchScreen.storyboard */,
				3099BEF31ED434ED00844AF7 /* Info.plist */,
			);
			path = TryViewElements;
			sourceTree = "<group>";
		};
		30B63EF81EE1628900038C8B /* Menus */ = {
			isa = PBXGroup;
			children = (
				30B63EFE1EE1628900038C8B /* Nibs */,
				30B63EF91EE1628900038C8B /* AppStoreDetailViewController.swift */,
				30B63EFA1EE1628900038C8B /* LoadingViewController.swift */,
				30B63EFB1EE1628900038C8B /* MediumArticleViewController+Components.swift */,
				30B63EFC1EE1628900038C8B /* MediumArticleViewController.swift */,
				30B63EFD1EE1628900038C8B /* MediumFeedViewController.swift */,
				30B63F051EE1628900038C8B /* TailLoadingViewController.swift */,
				30B63F061EE1628900038C8B /* TapToLoadMoreViewController.swift */,
				30B63F071EE1628900038C8B /* TwitterFeedViewController.swift */,
				30B63F081EE1628900038C8B /* TwitterFeedWithNibViewController.swift */,
				3044A5E41EE5AD3000A69F4B /* TwitterProfileViewController.swift */,
				30B63F091EE1628900038C8B /* TwitterPost.swift */,
				30B63F0A1EE1628900038C8B /* Utilities.swift */,
				3033FFFE1FD07B740067AE2A /* CenteredContentViewController.swift */,
				300B7B3B20652D2300B72CAE /* HeaderFooterExampleViewController.swift */,
				30E2426B206642000083E228 /* TextFieldAndKeyboardExampleViewController.swift */,
				30E2426D20669A120083E228 /* CenteredContentAndKeyboardExampleViewController.swift */,
				30534D5A2066ACCE00772102 /* StretchyHeaderExampleViewController.swift */,
				307EE10B208CDC710058045E /* StretchyHeaderReloadExampleViewController.swift */,
			);
			path = Menus;
			sourceTree = "<group>";
		};
		30B63EFE1EE1628900038C8B /* Nibs */ = {
			isa = PBXGroup;
			children = (
				30B63EFF1EE1628900038C8B /* AppStoreHeaderDetailView.swift */,
				30B63F001EE1628900038C8B /* AppStoreHeaderDetailView.xib */,
				30B63F011EE1628900038C8B /* MediumStoryCardView.swift */,
				30B63F021EE1628900038C8B /* MediumStoryCardView.xib */,
				30B63F031EE1628900038C8B /* TwitterPostCardView.swift */,
				30B63F041EE1628900038C8B /* TwitterPostCardView.xib */,
				3044A5E81EE5BB5000A69F4B /* TwitterProfileHeaderView.swift */,
				3044A5E61EE5B62800A69F4B /* TwitterProfileHeaderView.xib */,
				30F43C622067947B0001D71A /* StretchyHeaderExampleView.swift */,
				30FBA8322067A0EC00F2B8AD /* StretchyHeaderExampleView.xib */,
			);
			path = Nibs;
			sourceTree = "<group>";
		};
		30CC70391EDF1FF700F01BE3 /* Resources */ = {
			isa = PBXGroup;
			children = (
				3044A89F1EE6A25900FB5D50 /* twitterbg.jpeg */,
				30CC703A1EDF1FF700F01BE3 /* cog.jpg */,
				30CC703B1EDF1FF700F01BE3 /* heart.png */,
				30CC703C1EDF1FF700F01BE3 /* img1.png */,
				30CC703D1EDF1FF700F01BE3 /* logo.png */,
				30CC703E1EDF1FF700F01BE3 /* user1.jpg */,
				30CC703F1EDF1FF700F01BE3 /* user2.jpg */,
				30CC70401EDF1FF700F01BE3 /* user3.jpg */,
			);
			path = Resources;
			sourceTree = "<group>";
		};
/* End PBXGroup section */

/* Begin PBXHeadersBuildPhase section */
		30051B12205EABF2001F8088 /* Headers */ = {
			isa = PBXHeadersBuildPhase;
			buildActionMask = 2147483647;
			files = (
				30051B19205EABF2001F8088 /* TryViewElements_UI.h in Headers */,
			);
			runOnlyForDeploymentPostprocessing = 0;
		};
/* End PBXHeadersBuildPhase section */

/* Begin PBXNativeTarget section */
		30051B14205EABF2001F8088 /* TryViewElements+UI */ = {
			isa = PBXNativeTarget;
			buildConfigurationList = 30051B20205EABF2001F8088 /* Build configuration list for PBXNativeTarget "TryViewElements+UI" */;
			buildPhases = (
				30051B10205EABF2001F8088 /* Sources */,
				30051B11205EABF2001F8088 /* Frameworks */,
				30051B12205EABF2001F8088 /* Headers */,
				30051B13205EABF2001F8088 /* Resources */,
			);
			buildRules = (
			);
			dependencies = (
			);
			name = "TryViewElements+UI";
			productName = "TryViewElements+UI";
			productReference = 30051B15205EABF2001F8088 /* TryViewElements_UI.framework */;
			productType = "com.apple.product-type.framework";
		};
		3099BEE31ED434ED00844AF7 /* TryViewElements */ = {
			isa = PBXNativeTarget;
			buildConfigurationList = 3099BEF61ED434ED00844AF7 /* Build configuration list for PBXNativeTarget "TryViewElements" */;
			buildPhases = (
				3099BEE01ED434ED00844AF7 /* Sources */,
				3099BEE11ED434ED00844AF7 /* Frameworks */,
				3099BEE21ED434ED00844AF7 /* Resources */,
				3092383C1ED61AF4005509B6 /* Embed Frameworks */,
			);
			buildRules = (
			);
			dependencies = (
				30051B1B205EABF2001F8088 /* PBXTargetDependency */,
			);
			name = TryViewElements;
			productName = TryViewElements;
			productReference = 3099BEE41ED434ED00844AF7 /* TryViewElements.app */;
			productType = "com.apple.product-type.application";
		};
/* End PBXNativeTarget section */

/* Begin PBXProject section */
		3099BEDC1ED434ED00844AF7 /* Project object */ = {
			isa = PBXProject;
			attributes = {
				LastSwiftUpdateCheck = 0820;
				LastUpgradeCheck = 0920;
				ORGANIZATIONNAME = "Wirawit Rueopas";
				TargetAttributes = {
					30051B14205EABF2001F8088 = {
						CreatedOnToolsVersion = 9.2;
						DevelopmentTeam = C4JRFH5FHP;
						LastSwiftMigration = 0920;
						ProvisioningStyle = Automatic;
					};
					3099BEE31ED434ED00844AF7 = {
						CreatedOnToolsVersion = 8.2;
						DevelopmentTeam = C4JRFH5FHP;
						LastSwiftMigration = 0920;
						ProvisioningStyle = Automatic;
					};
				};
			};
			buildConfigurationList = 3099BEDF1ED434ED00844AF7 /* Build configuration list for PBXProject "TryViewElements" */;
			compatibilityVersion = "Xcode 3.2";
			developmentRegion = English;
			hasScannedForEncodings = 0;
			knownRegions = (
				en,
				Base,
			);
			mainGroup = 3099BEDB1ED434ED00844AF7;
			productRefGroup = 3099BEE51ED434ED00844AF7 /* Products */;
			projectDirPath = "";
			projectRoot = "";
			targets = (
				3099BEE31ED434ED00844AF7 /* TryViewElements */,
				30051B14205EABF2001F8088 /* TryViewElements+UI */,
			);
		};
/* End PBXProject section */

/* Begin PBXResourcesBuildPhase section */
		30051B13205EABF2001F8088 /* Resources */ = {
			isa = PBXResourcesBuildPhase;
			buildActionMask = 2147483647;
			files = (
				30051B25205EAC48001F8088 /* TestView.xib in Resources */,
			);
			runOnlyForDeploymentPostprocessing = 0;
		};
		3099BEE21ED434ED00844AF7 /* Resources */ = {
			isa = PBXResourcesBuildPhase;
			buildActionMask = 2147483647;
			files = (
				3044A8A01EE6A25900FB5D50 /* twitterbg.jpeg in Resources */,
				3099BEF21ED434ED00844AF7 /* LaunchScreen.storyboard in Resources */,
				30B63F151EE1628900038C8B /* TwitterPostCardView.xib in Resources */,
				30CC70431EDF1FF700F01BE3 /* img1.png in Resources */,
				30FBA8332067A0EC00F2B8AD /* StretchyHeaderExampleView.xib in Resources */,
				30CC70421EDF1FF700F01BE3 /* heart.png in Resources */,
				30CC70411EDF1FF700F01BE3 /* cog.jpg in Resources */,
				30CC70471EDF1FF700F01BE3 /* user3.jpg in Resources */,
				30B63F131EE1628900038C8B /* MediumStoryCardView.xib in Resources */,
				3044A5E71EE5B62800A69F4B /* TwitterProfileHeaderView.xib in Resources */,
				30B63F111EE1628900038C8B /* AppStoreHeaderDetailView.xib in Resources */,
				30CC70441EDF1FF700F01BE3 /* logo.png in Resources */,
				30CC70451EDF1FF700F01BE3 /* user1.jpg in Resources */,
				3099BEEF1ED434ED00844AF7 /* Assets.xcassets in Resources */,
				30CC70461EDF1FF700F01BE3 /* user2.jpg in Resources */,
				3099BEED1ED434ED00844AF7 /* Main.storyboard in Resources */,
			);
			runOnlyForDeploymentPostprocessing = 0;
		};
/* End PBXResourcesBuildPhase section */

/* Begin PBXSourcesBuildPhase section */
		30051B10205EABF2001F8088 /* Sources */ = {
			isa = PBXSourcesBuildPhase;
			buildActionMask = 2147483647;
			files = (
				30051B23205EAC19001F8088 /* TestView.swift in Sources */,
			);
			runOnlyForDeploymentPostprocessing = 0;
		};
		3099BEE01ED434ED00844AF7 /* Sources */ = {
			isa = PBXSourcesBuildPhase;
			buildActionMask = 2147483647;
			files = (
				30B63F0B1EE1628900038C8B /* AppStoreDetailViewController.swift in Sources */,
				30B63F0D1EE1628900038C8B /* MediumArticleViewController+Components.swift in Sources */,
				30E2426E20669A120083E228 /* CenteredContentAndKeyboardExampleViewController.swift in Sources */,
				3099BEEA1ED434ED00844AF7 /* ExampleListViewController.swift in Sources */,
				3044A5E51EE5AD3000A69F4B /* TwitterProfileViewController.swift in Sources */,
				30534D5B2066ACCE00772102 /* StretchyHeaderExampleViewController.swift in Sources */,
				30B63F121EE1628900038C8B /* MediumStoryCardView.swift in Sources */,
				3044A5E91EE5BB5000A69F4B /* TwitterProfileHeaderView.swift in Sources */,
				30F43C632067947B0001D71A /* StretchyHeaderExampleView.swift in Sources */,
				30B63F141EE1628900038C8B /* TwitterPostCardView.swift in Sources */,
				3099BEE81ED434ED00844AF7 /* AppDelegate.swift in Sources */,
				307EE10C208CDC710058045E /* StretchyHeaderReloadExampleViewController.swift in Sources */,
				30E2426C206642000083E228 /* TextFieldAndKeyboardExampleViewController.swift in Sources */,
				30B63F1B1EE1628900038C8B /* Utilities.swift in Sources */,
				30B63F1A1EE1628900038C8B /* TwitterPost.swift in Sources */,
				3033FFFF1FD07B740067AE2A /* CenteredContentViewController.swift in Sources */,
				30B63F181EE1628900038C8B /* TwitterFeedViewController.swift in Sources */,
				30B63F171EE1628900038C8B /* TapToLoadMoreViewController.swift in Sources */,
				300B7B3C20652D2300B72CAE /* HeaderFooterExampleViewController.swift in Sources */,
				30B63F161EE1628900038C8B /* TailLoadingViewController.swift in Sources */,
				30B63F0E1EE1628900038C8B /* MediumArticleViewController.swift in Sources */,
				30B63F191EE1628900038C8B /* TwitterFeedWithNibViewController.swift in Sources */,
				30B63F0F1EE1628900038C8B /* MediumFeedViewController.swift in Sources */,
				30B63F101EE1628900038C8B /* AppStoreHeaderDetailView.swift in Sources */,
				30B63F0C1EE1628900038C8B /* LoadingViewController.swift in Sources */,
			);
			runOnlyForDeploymentPostprocessing = 0;
		};
/* End PBXSourcesBuildPhase section */

/* Begin PBXTargetDependency section */
		30051B1B205EABF2001F8088 /* PBXTargetDependency */ = {
			isa = PBXTargetDependency;
			target = 30051B14205EABF2001F8088 /* TryViewElements+UI */;
			targetProxy = 30051B1A205EABF2001F8088 /* PBXContainerItemProxy */;
		};
/* End PBXTargetDependency section */

/* Begin PBXVariantGroup section */
		3099BEEB1ED434ED00844AF7 /* Main.storyboard */ = {
			isa = PBXVariantGroup;
			children = (
				3099BEEC1ED434ED00844AF7 /* Base */,
			);
			name = Main.storyboard;
			sourceTree = "<group>";
		};
		3099BEF01ED434ED00844AF7 /* LaunchScreen.storyboard */ = {
			isa = PBXVariantGroup;
			children = (
				3099BEF11ED434ED00844AF7 /* Base */,
			);
			name = LaunchScreen.storyboard;
			sourceTree = "<group>";
		};
/* End PBXVariantGroup section */

/* Begin XCBuildConfiguration section */
		30051B1E205EABF2001F8088 /* Debug */ = {
			isa = XCBuildConfiguration;
			buildSettings = {
				CLANG_ANALYZER_NUMBER_OBJECT_CONVERSION = YES_AGGRESSIVE;
				CLANG_CXX_LANGUAGE_STANDARD = "gnu++14";
				CLANG_ENABLE_MODULES = YES;
				CLANG_WARN_UNGUARDED_AVAILABILITY = YES_AGGRESSIVE;
				CODE_SIGN_IDENTITY = "iPhone Developer";
				CODE_SIGN_STYLE = Automatic;
				CURRENT_PROJECT_VERSION = 1;
				DEFINES_MODULE = YES;
				DEVELOPMENT_TEAM = C4JRFH5FHP;
				DYLIB_COMPATIBILITY_VERSION = 1;
				DYLIB_CURRENT_VERSION = 1;
				DYLIB_INSTALL_NAME_BASE = "@rpath";
				GCC_C_LANGUAGE_STANDARD = gnu11;
				INFOPLIST_FILE = "TryViewElements+UI/Info.plist";
				INSTALL_PATH = "$(LOCAL_LIBRARY_DIR)/Frameworks";
				IPHONEOS_DEPLOYMENT_TARGET = 9.1;
				LD_RUNPATH_SEARCH_PATHS = "$(inherited) @executable_path/Frameworks @loader_path/Frameworks";
				PRODUCT_BUNDLE_IDENTIFIER = "com.aunwirawit.TryViewElements-UI";
				PRODUCT_NAME = "$(TARGET_NAME:c99extidentifier)";
				SKIP_INSTALL = YES;
				SWIFT_OPTIMIZATION_LEVEL = "-Onone";
				SWIFT_VERSION = 4.0;
				TARGETED_DEVICE_FAMILY = "1,2";
				VERSIONING_SYSTEM = "apple-generic";
				VERSION_INFO_PREFIX = "";
			};
			name = Debug;
		};
		30051B1F205EABF2001F8088 /* Release */ = {
			isa = XCBuildConfiguration;
			buildSettings = {
				CLANG_ANALYZER_NUMBER_OBJECT_CONVERSION = YES_AGGRESSIVE;
				CLANG_CXX_LANGUAGE_STANDARD = "gnu++14";
				CLANG_ENABLE_MODULES = YES;
				CLANG_WARN_UNGUARDED_AVAILABILITY = YES_AGGRESSIVE;
				CODE_SIGN_IDENTITY = "iPhone Developer";
				CODE_SIGN_STYLE = Automatic;
				CURRENT_PROJECT_VERSION = 1;
				DEFINES_MODULE = YES;
				DEVELOPMENT_TEAM = C4JRFH5FHP;
				DYLIB_COMPATIBILITY_VERSION = 1;
				DYLIB_CURRENT_VERSION = 1;
				DYLIB_INSTALL_NAME_BASE = "@rpath";
				GCC_C_LANGUAGE_STANDARD = gnu11;
				INFOPLIST_FILE = "TryViewElements+UI/Info.plist";
				INSTALL_PATH = "$(LOCAL_LIBRARY_DIR)/Frameworks";
				IPHONEOS_DEPLOYMENT_TARGET = 9.1;
				LD_RUNPATH_SEARCH_PATHS = "$(inherited) @executable_path/Frameworks @loader_path/Frameworks";
				PRODUCT_BUNDLE_IDENTIFIER = "com.aunwirawit.TryViewElements-UI";
				PRODUCT_NAME = "$(TARGET_NAME:c99extidentifier)";
				SKIP_INSTALL = YES;
				SWIFT_VERSION = 4.0;
				TARGETED_DEVICE_FAMILY = "1,2";
				VERSIONING_SYSTEM = "apple-generic";
				VERSION_INFO_PREFIX = "";
			};
			name = Release;
		};
		3099BEF41ED434ED00844AF7 /* Debug */ = {
			isa = XCBuildConfiguration;
			buildSettings = {
				ALWAYS_SEARCH_USER_PATHS = NO;
				CLANG_ANALYZER_NONNULL = YES;
				CLANG_CXX_LANGUAGE_STANDARD = "gnu++0x";
				CLANG_CXX_LIBRARY = "libc++";
				CLANG_ENABLE_MODULES = YES;
				CLANG_ENABLE_OBJC_ARC = YES;
				CLANG_WARN_BLOCK_CAPTURE_AUTORELEASING = YES;
				CLANG_WARN_BOOL_CONVERSION = YES;
				CLANG_WARN_COMMA = YES;
				CLANG_WARN_CONSTANT_CONVERSION = YES;
				CLANG_WARN_DIRECT_OBJC_ISA_USAGE = YES_ERROR;
				CLANG_WARN_DOCUMENTATION_COMMENTS = YES;
				CLANG_WARN_EMPTY_BODY = YES;
				CLANG_WARN_ENUM_CONVERSION = YES;
				CLANG_WARN_INFINITE_RECURSION = YES;
				CLANG_WARN_INT_CONVERSION = YES;
				CLANG_WARN_NON_LITERAL_NULL_CONVERSION = YES;
				CLANG_WARN_OBJC_LITERAL_CONVERSION = YES;
				CLANG_WARN_OBJC_ROOT_CLASS = YES_ERROR;
				CLANG_WARN_RANGE_LOOP_ANALYSIS = YES;
				CLANG_WARN_STRICT_PROTOTYPES = YES;
				CLANG_WARN_SUSPICIOUS_MOVE = YES;
				CLANG_WARN_UNREACHABLE_CODE = YES;
				CLANG_WARN__DUPLICATE_METHOD_MATCH = YES;
				"CODE_SIGN_IDENTITY[sdk=iphoneos*]" = "iPhone Developer";
				COPY_PHASE_STRIP = NO;
				DEBUG_INFORMATION_FORMAT = dwarf;
				ENABLE_STRICT_OBJC_MSGSEND = YES;
				ENABLE_TESTABILITY = YES;
				GCC_C_LANGUAGE_STANDARD = gnu99;
				GCC_DYNAMIC_NO_PIC = NO;
				GCC_NO_COMMON_BLOCKS = YES;
				GCC_OPTIMIZATION_LEVEL = 0;
				GCC_PREPROCESSOR_DEFINITIONS = (
					"DEBUG=1",
					"$(inherited)",
				);
				GCC_WARN_64_TO_32_BIT_CONVERSION = YES;
				GCC_WARN_ABOUT_RETURN_TYPE = YES_ERROR;
				GCC_WARN_UNDECLARED_SELECTOR = YES;
				GCC_WARN_UNINITIALIZED_AUTOS = YES_AGGRESSIVE;
				GCC_WARN_UNUSED_FUNCTION = YES;
				GCC_WARN_UNUSED_VARIABLE = YES;
				IPHONEOS_DEPLOYMENT_TARGET = 10.2;
				MTL_ENABLE_DEBUG_INFO = YES;
				ONLY_ACTIVE_ARCH = YES;
				SDKROOT = iphoneos;
				SWIFT_ACTIVE_COMPILATION_CONDITIONS = DEBUG;
				SWIFT_OPTIMIZATION_LEVEL = "-Onone";
				TARGETED_DEVICE_FAMILY = "1,2";
			};
			name = Debug;
		};
		3099BEF51ED434ED00844AF7 /* Release */ = {
			isa = XCBuildConfiguration;
			buildSettings = {
				ALWAYS_SEARCH_USER_PATHS = NO;
				CLANG_ANALYZER_NONNULL = YES;
				CLANG_CXX_LANGUAGE_STANDARD = "gnu++0x";
				CLANG_CXX_LIBRARY = "libc++";
				CLANG_ENABLE_MODULES = YES;
				CLANG_ENABLE_OBJC_ARC = YES;
				CLANG_WARN_BLOCK_CAPTURE_AUTORELEASING = YES;
				CLANG_WARN_BOOL_CONVERSION = YES;
				CLANG_WARN_COMMA = YES;
				CLANG_WARN_CONSTANT_CONVERSION = YES;
				CLANG_WARN_DIRECT_OBJC_ISA_USAGE = YES_ERROR;
				CLANG_WARN_DOCUMENTATION_COMMENTS = YES;
				CLANG_WARN_EMPTY_BODY = YES;
				CLANG_WARN_ENUM_CONVERSION = YES;
				CLANG_WARN_INFINITE_RECURSION = YES;
				CLANG_WARN_INT_CONVERSION = YES;
				CLANG_WARN_NON_LITERAL_NULL_CONVERSION = YES;
				CLANG_WARN_OBJC_LITERAL_CONVERSION = YES;
				CLANG_WARN_OBJC_ROOT_CLASS = YES_ERROR;
				CLANG_WARN_RANGE_LOOP_ANALYSIS = YES;
				CLANG_WARN_STRICT_PROTOTYPES = YES;
				CLANG_WARN_SUSPICIOUS_MOVE = YES;
				CLANG_WARN_UNREACHABLE_CODE = YES;
				CLANG_WARN__DUPLICATE_METHOD_MATCH = YES;
				"CODE_SIGN_IDENTITY[sdk=iphoneos*]" = "iPhone Developer";
				COPY_PHASE_STRIP = NO;
				DEBUG_INFORMATION_FORMAT = "dwarf-with-dsym";
				ENABLE_NS_ASSERTIONS = NO;
				ENABLE_STRICT_OBJC_MSGSEND = YES;
				GCC_C_LANGUAGE_STANDARD = gnu99;
				GCC_NO_COMMON_BLOCKS = YES;
				GCC_WARN_64_TO_32_BIT_CONVERSION = YES;
				GCC_WARN_ABOUT_RETURN_TYPE = YES_ERROR;
				GCC_WARN_UNDECLARED_SELECTOR = YES;
				GCC_WARN_UNINITIALIZED_AUTOS = YES_AGGRESSIVE;
				GCC_WARN_UNUSED_FUNCTION = YES;
				GCC_WARN_UNUSED_VARIABLE = YES;
				IPHONEOS_DEPLOYMENT_TARGET = 10.2;
				MTL_ENABLE_DEBUG_INFO = NO;
				SDKROOT = iphoneos;
				SWIFT_OPTIMIZATION_LEVEL = "-Owholemodule";
				TARGETED_DEVICE_FAMILY = "1,2";
				VALIDATE_PRODUCT = YES;
			};
			name = Release;
		};
		3099BEF71ED434ED00844AF7 /* Debug */ = {
			isa = XCBuildConfiguration;
			buildSettings = {
				ALWAYS_EMBED_SWIFT_STANDARD_LIBRARIES = YES;
				ASSETCATALOG_COMPILER_APPICON_NAME = AppIcon;
				CODE_SIGN_IDENTITY = "iPhone Developer";
				DEVELOPMENT_TEAM = C4JRFH5FHP;
				INFOPLIST_FILE = TryViewElements/Info.plist;
				IPHONEOS_DEPLOYMENT_TARGET = 9.1;
				LD_RUNPATH_SEARCH_PATHS = "$(inherited) @executable_path/Frameworks";
				PRODUCT_BUNDLE_IDENTIFIER = com.aunwirawit.TryViewElements;
				PRODUCT_NAME = "$(TARGET_NAME)";
				SWIFT_SWIFT3_OBJC_INFERENCE = Default;
				SWIFT_VERSION = 4.0;
			};
			name = Debug;
		};
		3099BEF81ED434ED00844AF7 /* Release */ = {
			isa = XCBuildConfiguration;
			buildSettings = {
				ALWAYS_EMBED_SWIFT_STANDARD_LIBRARIES = YES;
				ASSETCATALOG_COMPILER_APPICON_NAME = AppIcon;
				CODE_SIGN_IDENTITY = "iPhone Developer";
				DEVELOPMENT_TEAM = C4JRFH5FHP;
				INFOPLIST_FILE = TryViewElements/Info.plist;
				IPHONEOS_DEPLOYMENT_TARGET = 9.1;
				LD_RUNPATH_SEARCH_PATHS = "$(inherited) @executable_path/Frameworks";
				PRODUCT_BUNDLE_IDENTIFIER = com.aunwirawit.TryViewElements;
				PRODUCT_NAME = "$(TARGET_NAME)";
				SWIFT_SWIFT3_OBJC_INFERENCE = Default;
				SWIFT_VERSION = 4.0;
			};
			name = Release;
		};
/* End XCBuildConfiguration section */

/* Begin XCConfigurationList section */
		30051B20205EABF2001F8088 /* Build configuration list for PBXNativeTarget "TryViewElements+UI" */ = {
			isa = XCConfigurationList;
			buildConfigurations = (
				30051B1E205EABF2001F8088 /* Debug */,
				30051B1F205EABF2001F8088 /* Release */,
			);
			defaultConfigurationIsVisible = 0;
			defaultConfigurationName = Release;
		};
		3099BEDF1ED434ED00844AF7 /* Build configuration list for PBXProject "TryViewElements" */ = {
			isa = XCConfigurationList;
			buildConfigurations = (
				3099BEF41ED434ED00844AF7 /* Debug */,
				3099BEF51ED434ED00844AF7 /* Release */,
			);
			defaultConfigurationIsVisible = 0;
			defaultConfigurationName = Release;
		};
		3099BEF61ED434ED00844AF7 /* Build configuration list for PBXNativeTarget "TryViewElements" */ = {
			isa = XCConfigurationList;
			buildConfigurations = (
				3099BEF71ED434ED00844AF7 /* Debug */,
				3099BEF81ED434ED00844AF7 /* Release */,
			);
			defaultConfigurationIsVisible = 0;
			defaultConfigurationName = Release;
		};
/* End XCConfigurationList section */
	};
	rootObject = 3099BEDC1ED434ED00844AF7 /* Project object */;
}
